// !$*UTF8*$!
{
	archiveVersion = 1;
	classes = {
	};
	objectVersion = 50;
	objects = {

/* Begin PBXBuildFile section */
		6273155B22EC7AD00062945B /* AppDelegate.m in Sources */ = {isa = PBXBuildFile; fileRef = 6273155A22EC7AD00062945B /* AppDelegate.m */; };
		6273155E22EC7AD00062945B /* ViewController.m in Sources */ = {isa = PBXBuildFile; fileRef = 6273155D22EC7AD00062945B /* ViewController.m */; };
		6273156122EC7AD00062945B /* Main.storyboard in Resources */ = {isa = PBXBuildFile; fileRef = 6273155F22EC7AD00062945B /* Main.storyboard */; };
		6273156422EC7AD00062945B /* dv.xcdatamodeld in Sources */ = {isa = PBXBuildFile; fileRef = 6273156222EC7AD00062945B /* dv.xcdatamodeld */; };
		6273156622EC7AD30062945B /* Assets.xcassets in Resources */ = {isa = PBXBuildFile; fileRef = 6273156522EC7AD30062945B /* Assets.xcassets */; };
		6273156922EC7AD30062945B /* LaunchScreen.storyboard in Resources */ = {isa = PBXBuildFile; fileRef = 6273156722EC7AD30062945B /* LaunchScreen.storyboard */; };
		6273156C22EC7AD30062945B /* main.m in Sources */ = {isa = PBXBuildFile; fileRef = 6273156B22EC7AD30062945B /* main.m */; };
/* End PBXBuildFile section */

/* Begin PBXFileReference section */
		6273155622EC7AD00062945B /* dv.app */ = {isa = PBXFileReference; explicitFileType = wrapper.application; includeInIndex = 0; path = dv.app; sourceTree = BUILT_PRODUCTS_DIR; };
		6273155922EC7AD00062945B /* AppDelegate.h */ = {isa = PBXFileReference; lastKnownFileType = sourcecode.c.h; path = AppDelegate.h; sourceTree = "<group>"; };
		6273155A22EC7AD00062945B /* AppDelegate.m */ = {isa = PBXFileReference; lastKnownFileType = sourcecode.c.objc; path = AppDelegate.m; sourceTree = "<group>"; };
		6273155C22EC7AD00062945B /* ViewController.h */ = {isa = PBXFileReference; lastKnownFileType = sourcecode.c.h; path = ViewController.h; sourceTree = "<group>"; };
		6273155D22EC7AD00062945B /* ViewController.m */ = {isa = PBXFileReference; lastKnownFileType = sourcecode.c.objc; path = ViewController.m; sourceTree = "<group>"; };
		6273156022EC7AD00062945B /* Base */ = {isa = PBXFileReference; lastKnownFileType = file.storyboard; name = Base; path = Base.lproj/Main.storyboard; sourceTree = "<group>"; };
		6273156322EC7AD00062945B /* dv.xcdatamodel */ = {isa = PBXFileReference; lastKnownFileType = wrapper.xcdatamodel; path = dv.xcdatamodel; sourceTree = "<group>"; };
		6273156522EC7AD30062945B /* Assets.xcassets */ = {isa = PBXFileReference; lastKnownFileType = folder.assetcatalog; path = Assets.xcassets; sourceTree = "<group>"; };
		6273156822EC7AD30062945B /* Base */ = {isa = PBXFileReference; lastKnownFileType = file.storyboard; name = Base; path = Base.lproj/LaunchScreen.storyboard; sourceTree = "<group>"; };
		6273156A22EC7AD30062945B /* Info.plist */ = {isa = PBXFileReference; lastKnownFileType = text.plist.xml; path = Info.plist; sourceTree = "<group>"; };
		6273156B22EC7AD30062945B /* main.m */ = {isa = PBXFileReference; lastKnownFileType = sourcecode.c.objc; path = main.m; sourceTree = "<group>"; };
/* End PBXFileReference section */

/* Begin PBXFrameworksBuildPhase section */
		6273155322EC7AD00062945B /* Frameworks */ = {
			isa = PBXFrameworksBuildPhase;
			buildActionMask = 2147483647;
			files = (
			);
			runOnlyForDeploymentPostprocessing = 0;
		};
/* End PBXFrameworksBuildPhase section */

/* Begin PBXGroup section */
		6273154D22EC7AD00062945B = {
			isa = PBXGroup;
			children = (
				6273155822EC7AD00062945B /* dv */,
				6273155722EC7AD00062945B /* Products */,
			);
			sourceTree = "<group>";
		};
		6273155722EC7AD00062945B /* Products */ = {
			isa = PBXGroup;
			children = (
				6273155622EC7AD00062945B /* dv.app */,
			);
			name = Products;
			sourceTree = "<group>";
		};
		6273155822EC7AD00062945B /* dv */ = {
			isa = PBXGroup;
			children = (
				6273155922EC7AD00062945B /* AppDelegate.h */,
				6273155A22EC7AD00062945B /* AppDelegate.m */,
				6273155C22EC7AD00062945B /* ViewController.h */,
				6273155D22EC7AD00062945B /* ViewController.m */,
				6273155F22EC7AD00062945B /* Main.storyboard */,
				6273156522EC7AD30062945B /* Assets.xcassets */,
				6273156722EC7AD30062945B /* LaunchScreen.storyboard */,
				6273156A22EC7AD30062945B /* Info.plist */,
				6273156B22EC7AD30062945B /* main.m */,
				6273156222EC7AD00062945B /* dv.xcdatamodeld */,
			);
			path = dv;
			sourceTree = "<group>";
		};
/* End PBXGroup section */

/* Begin PBXNativeTarget section */
		6273155522EC7AD00062945B /* dv */ = {
			isa = PBXNativeTarget;
			buildConfigurationList = 6273156F22EC7AD30062945B /* Build configuration list for PBXNativeTarget "dv" */;
			buildPhases = (
				6273155222EC7AD00062945B /* Sources */,
				6273155322EC7AD00062945B /* Frameworks */,
				6273155422EC7AD00062945B /* Resources */,
			);
			buildRules = (
			);
			dependencies = (
			);
			name = dv;
			productName = dv;
			productReference = 6273155622EC7AD00062945B /* dv.app */;
			productType = "com.apple.product-type.application";
		};
/* End PBXNativeTarget section */

/* Begin PBXProject section */
		6273154E22EC7AD00062945B /* Project object */ = {
			isa = PBXProject;
			attributes = {
				LastUpgradeCheck = 1020;
				ORGANIZATIONNAME = "김효정";
				TargetAttributes = {
					6273155522EC7AD00062945B = {
						CreatedOnToolsVersion = 10.2.1;
					};
				};
			};
			buildConfigurationList = 6273155122EC7AD00062945B /* Build configuration list for PBXProject "dv" */;
			compatibilityVersion = "Xcode 9.3";
			developmentRegion = en;
			hasScannedForEncodings = 0;
			knownRegions = (
				en,
				Base,
			);
			mainGroup = 6273154D22EC7AD00062945B;
			productRefGroup = 6273155722EC7AD00062945B /* Products */;
			projectDirPath = "";
			projectRoot = "";
			targets = (
				6273155522EC7AD00062945B /* dv */,
			);
		};
/* End PBXProject section */

/* Begin PBXResourcesBuildPhase section */
		6273155422EC7AD00062945B /* Resources */ = {
			isa = PBXResourcesBuildPhase;
			buildActionMask = 2147483647;
			files = (
				6273156922EC7AD30062945B /* LaunchScreen.storyboard in Resources */,
				6273156622EC7AD30062945B /* Assets.xcassets in Resources */,
				6273156122EC7AD00062945B /* Main.storyboard in Resources */,
			);
			runOnlyForDeploymentPostprocessing = 0;
		};
/* End PBXResourcesBuildPhase section */

/* Begin PBXSourcesBuildPhase section */
		6273155222EC7AD00062945B /* Sources */ = {
			isa = PBXSourcesBuildPhase;
			buildActionMask = 2147483647;
			files = (
				6273155E22EC7AD00062945B /* ViewController.m in Sources */,
				6273155B22EC7AD00062945B /* AppDelegate.m in Sources */,
				6273156C22EC7AD30062945B /* main.m in Sources */,
				6273156422EC7AD00062945B /* dv.xcdatamodeld in Sources */,
			);
			runOnlyForDeploymentPostprocessing = 0;
		};
/* End PBXSourcesBuildPhase section */

/* Begin PBXVariantGroup section */
		6273155F22EC7AD00062945B /* Main.storyboard */ = {
			isa = PBXVariantGroup;
			children = (
				6273156022EC7AD00062945B /* Base */,
			);
			name = Main.storyboard;
			sourceTree = "<group>";
		};
		6273156722EC7AD30062945B /* LaunchScreen.storyboard */ = {
			isa = PBXVariantGroup;
			children = (
				6273156822EC7AD30062945B /* Base */,
			);
			name = LaunchScreen.storyboard;
			sourceTree = "<group>";
		};
/* End PBXVariantGroup section */

/* Begin XCBuildConfiguration section */
		6273156D22EC7AD30062945B /* Debug */ = {
			isa = XCBuildConfiguration;
			buildSettings = {
				ALWAYS_SEARCH_USER_PATHS = NO;
				CLANG_ANALYZER_NONNULL = YES;
				CLANG_ANALYZER_NUMBER_OBJECT_CONVERSION = YES_AGGRESSIVE;
				CLANG_CXX_LANGUAGE_STANDARD = "gnu++14";
				CLANG_CXX_LIBRARY = "libc++";
				CLANG_ENABLE_MODULES = YES;
				CLANG_ENABLE_OBJC_ARC = YES;
				CLANG_ENABLE_OBJC_WEAK = YES;
				CLANG_WARN_BLOCK_CAPTURE_AUTORELEASING = YES;
				CLANG_WARN_BOOL_CONVERSION = YES;
				CLANG_WARN_COMMA = YES;
				CLANG_WARN_CONSTANT_CONVERSION = YES;
				CLANG_WARN_DEPRECATED_OBJC_IMPLEMENTATIONS = YES;
				CLANG_WARN_DIRECT_OBJC_ISA_USAGE = YES_ERROR;
				CLANG_WARN_DOCUMENTATION_COMMENTS = YES;
				CLANG_WARN_EMPTY_BODY = YES;
				CLANG_WARN_ENUM_CONVERSION = YES;
				CLANG_WARN_INFINITE_RECURSION = YES;
				CLANG_WARN_INT_CONVERSION = YES;
				CLANG_WARN_NON_LITERAL_NULL_CONVERSION = YES;
				CLANG_WARN_OBJC_IMPLICIT_RETAIN_SELF = YES;
				CLANG_WARN_OBJC_LITERAL_CONVERSION = YES;
				CLANG_WARN_OBJC_ROOT_CLASS = YES_ERROR;
				CLANG_WARN_RANGE_LOOP_ANALYSIS = YES;
				CLANG_WARN_STRICT_PROTOTYPES = YES;
				CLANG_WARN_SUSPICIOUS_MOVE = YES;
				CLANG_WARN_UNGUARDED_AVAILABILITY = YES_AGGRESSIVE;
				CLANG_WARN_UNREACHABLE_CODE = YES;
				CLANG_WARN__DUPLICATE_METHOD_MATCH = YES;
				CODE_SIGN_IDENTITY = "iPhone Developer";
				COPY_PHASE_STRIP = NO;
				DEBUG_INFORMATION_FORMAT = dwarf;
				ENABLE_STRICT_OBJC_MSGSEND = YES;
				ENABLE_TESTABILITY = YES;
				GCC_C_LANGUAGE_STANDARD = gnu11;
				GCC_DYNAMIC_NO_PIC = NO;
				GCC_NO_COMMON_BLOCKS = YES;
				GCC_OPTIMIZATION_LEVEL = 0;
				GCC_PREPROCESSOR_DEFINITIONS = (
					"DEBUG=1",
					"$(inherited)",
				);
				GCC_WARN_64_TO_32_BIT_CONVERSION = YES;
				GCC_WARN_ABOUT_RETURN_TYPE = YES_ERROR;
				GCC_WARN_UNDECLARED_SELECTOR = YES;
				GCC_WARN_UNINITIALIZED_AUTOS = YES_AGGRESSIVE;
				GCC_WARN_UNUSED_FUNCTION = YES;
				GCC_WARN_UNUSED_VARIABLE = YES;
				IPHONEOS_DEPLOYMENT_TARGET = 12.2;
				MTL_ENABLE_DEBUG_INFO = INCLUDE_SOURCE;
				MTL_FAST_MATH = YES;
				ONLY_ACTIVE_ARCH = YES;
				SDKROOT = iphoneos;
			};
			name = Debug;
		};
		6273156E22EC7AD30062945B /* Release */ = {
			isa = XCBuildConfiguration;
			buildSettings = {
				ALWAYS_SEARCH_USER_PATHS = NO;
				CLANG_ANALYZER_NONNULL = YES;
				CLANG_ANALYZER_NUMBER_OBJECT_CONVERSION = YES_AGGRESSIVE;
				CLANG_CXX_LANGUAGE_STANDARD = "gnu++14";
				CLANG_CXX_LIBRARY = "libc++";
				CLANG_ENABLE_MODULES = YES;
				CLANG_ENABLE_OBJC_ARC = YES;
				CLANG_ENABLE_OBJC_WEAK = YES;
				CLANG_WARN_BLOCK_CAPTURE_AUTORELEASING = YES;
				CLANG_WARN_BOOL_CONVERSION = YES;
				CLANG_WARN_COMMA = YES;
				CLANG_WARN_CONSTANT_CONVERSION = YES;
				CLANG_WARN_DEPRECATED_OBJC_IMPLEMENTATIONS = YES;
				CLANG_WARN_DIRECT_OBJC_ISA_USAGE = YES_ERROR;
				CLANG_WARN_DOCUMENTATION_COMMENTS = YES;
				CLANG_WARN_EMPTY_BODY = YES;
				CLANG_WARN_ENUM_CONVERSION = YES;
				CLANG_WARN_INFINITE_RECURSION = YES;
				CLANG_WARN_INT_CONVERSION = YES;
				CLANG_WARN_NON_LITERAL_NULL_CONVERSION = YES;
				CLANG_WARN_OBJC_IMPLICIT_RETAIN_SELF = YES;
				CLANG_WARN_OBJC_LITERAL_CONVERSION = YES;
				CLANG_WARN_OBJC_ROOT_CLASS = YES_ERROR;
				CLANG_WARN_RANGE_LOOP_ANALYSIS = YES;
				CLANG_WARN_STRICT_PROTOTYPES = YES;
				CLANG_WARN_SUSPICIOUS_MOVE = YES;
				CLANG_WARN_UNGUARDED_AVAILABILITY = YES_AGGRESSIVE;
				CLANG_WARN_UNREACHABLE_CODE = YES;
				CLANG_WARN__DUPLICATE_METHOD_MATCH = YES;
				CODE_SIGN_IDENTITY = "iPhone Developer";
				COPY_PHASE_STRIP = NO;
				DEBUG_INFORMATION_FORMAT = "dwarf-with-dsym";
				ENABLE_NS_ASSERTIONS = NO;
				ENABLE_STRICT_OBJC_MSGSEND = YES;
				GCC_C_LANGUAGE_STANDARD = gnu11;
				GCC_NO_COMMON_BLOCKS = YES;
				GCC_WARN_64_TO_32_BIT_CONVERSION = YES;
				GCC_WARN_ABOUT_RETURN_TYPE = YES_ERROR;
				GCC_WARN_UNDECLARED_SELECTOR = YES;
				GCC_WARN_UNINITIALIZED_AUTOS = YES_AGGRESSIVE;
				GCC_WARN_UNUSED_FUNCTION = YES;
				GCC_WARN_UNUSED_VARIABLE = YES;
				IPHONEOS_DEPLOYMENT_TARGET = 12.2;
				MTL_ENABLE_DEBUG_INFO = NO;
				MTL_FAST_MATH = YES;
				SDKROOT = iphoneos;
				VALIDATE_PRODUCT = YES;
			};
			name = Release;
		};
		6273157022EC7AD30062945B /* Debug */ = {
			isa = XCBuildConfiguration;
			buildSettings = {
				ASSETCATALOG_COMPILER_APPICON_NAME = AppIcon;
				CODE_SIGN_STYLE = Automatic;
				DEVELOPMENT_TEAM = H6SWMJENYS;
				INFOPLIST_FILE = dv/Info.plist;
				LD_RUNPATH_SEARCH_PATHS = (
					"$(inherited)",
					"@executable_path/Frameworks",
				);
				PRODUCT_BUNDLE_IDENTIFIER = kim.hyojung.dv;
				PRODUCT_NAME = "$(TARGET_NAME)";
				TARGETED_DEVICE_FAMILY = "1,2";
			};
			name = Debug;
		};
		6273157122EC7AD30062945B /* Release */ = {
			isa = XCBuildConfiguration;
			buildSettings = {
				ASSETCATALOG_COMPILER_APPICON_NAME = AppIcon;
				CODE_SIGN_STYLE = Automatic;
				DEVELOPMENT_TEAM = H6SWMJENYS;
				INFOPLIST_FILE = dv/Info.plist;
				LD_RUNPATH_SEARCH_PATHS = (
					"$(inherited)",
					"@executable_path/Frameworks",
				);
				PRODUCT_BUNDLE_IDENTIFIER = kim.hyojung.dv;
				PRODUCT_NAME = "$(TARGET_NAME)";
				TARGETED_DEVICE_FAMILY = "1,2";
			};
			name = Release;
		};
/* End XCBuildConfiguration section */

/* Begin XCConfigurationList section */
		6273155122EC7AD00062945B /* Build configuration list for PBXProject "dv" */ = {
			isa = XCConfigurationList;
			buildConfigurations = (
				6273156D22EC7AD30062945B /* Debug */,
				6273156E22EC7AD30062945B /* Release */,
			);
			defaultConfigurationIsVisible = 0;
			defaultConfigurationName = Release;
		};
		6273156F22EC7AD30062945B /* Build configuration list for PBXNativeTarget "dv" */ = {
			isa = XCConfigurationList;
			buildConfigurations = (
				6273157022EC7AD30062945B /* Debug */,
				6273157122EC7AD30062945B /* Release */,
			);
			defaultConfigurationIsVisible = 0;
			defaultConfigurationName = Release;
		};
/* End XCConfigurationList section */

/* Begin XCVersionGroup section */
		6273156222EC7AD00062945B /* dv.xcdatamodeld */ = {
			isa = XCVersionGroup;
			children = (
				6273156322EC7AD00062945B /* dv.xcdatamodel */,
			);
			currentVersion = 6273156322EC7AD00062945B /* dv.xcdatamodel */;
			path = dv.xcdatamodeld;
			sourceTree = "<group>";
			versionGroupType = wrapper.xcdatamodel;
		};
/* End XCVersionGroup section */
	};
	rootObject = 6273154E22EC7AD00062945B /* Project object */;
}
